Microsoft Visual Studio Solution File, Format Version 12.00
# Visual Studio 15
VisualStudioVersion = 15.0.27004.2009
MinimumVisualStudioVersion = 10.0.40219.1
Project("{FAE04EC0-301F-11D3-BF4B-00C04F79EFBC}") = "NigthmareListToEAdefinitions", "NigthmareListToEAdefinitions\NigthmareListToEAdefinitions.csproj", "{2ADB8ED4-647E-4DCC-9387-E50D6A03CA39}"
EndProject
Project("{FAE04EC0-301F-11D3-BF4B-00C04F79EFBC}") = "Event Assembler", "Event Assembler\Event Assembler.csproj", "{84C43E97-CE18-4A33-99BF-98A19E5E2093}"
	ProjectSection(ProjectDependencies) = postProject
		{D0FE49CC-1B13-4C04-B3C1-C1A9B1872A36} = {D0FE49CC-1B13-4C04-B3C1-C1A9B1872A36}
		{224C71E2-5E52-4910-910A-6FA9C2F937BE} = {224C71E2-5E52-4910-910A-6FA9C2F937BE}
		{8FA48EF8-3E11-494A-B587-592D7C22EFDF} = {8FA48EF8-3E11-494A-B587-592D7C22EFDF}
	EndProjectSection
EndProject
Project("{FAE04EC0-301F-11D3-BF4B-00C04F79EFBC}") = "ReadBinaryAndWriteText", "ReadBinaryAndWriteText\ReadBinaryAndWriteText.csproj", "{55442AA5-FCF5-46B4-9172-C87C220B740B}"
EndProject
Project("{FAE04EC0-301F-11D3-BF4B-00C04F79EFBC}") = "Core", "Core\Core.csproj", "{224C71E2-5E52-4910-910A-6FA9C2F937BE}"
EndProject
Project("{FAE04EC0-301F-11D3-BF4B-00C04F79EFBC}") = "Nintenlord", "..\Nintenlord\Nintenlord.csproj", "{8FA48EF8-3E11-494A-B587-592D7C22EFDF}"
EndProject
Project("{FAE04EC0-301F-11D3-BF4B-00C04F79EFBC}") = "Nintenlord.Forms", "..\Nintenlord.Forms\Nintenlord.Forms.csproj", "{D0FE49CC-1B13-4C04-B3C1-C1A9B1872A36}"
EndProject
Project("{2150E333-8FDC-42A3-9474-1A3956D46DE8}") = "Solution Items", "Solution Items", "{1BA55B1D-C678-4D64-AB66-E88F291CB34A}"
	ProjectSection(SolutionItems) = preProject
		..\..\..\ToolBox\Event Assembler\Nintenlord.dll = ..\..\..\ToolBox\Event Assembler\Nintenlord.dll
		..\..\..\ToolBox\Event Assembler\Nintenlord.Forms.dll = ..\..\..\ToolBox\Event Assembler\Nintenlord.Forms.dll
	EndProjectSection
EndProject
Global
	GlobalSection(SolutionConfigurationPlatforms) = preSolution
		Debug|Any CPU = Debug|Any CPU
		Debug|x86 = Debug|x86
		Release|Any CPU = Release|Any CPU
		Release|x86 = Release|x86
	EndGlobalSection
	GlobalSection(ProjectConfigurationPlatforms) = postSolution
		{2ADB8ED4-647E-4DCC-9387-E50D6A03CA39}.Debug|Any CPU.ActiveCfg = Debug|Any CPU
		{2ADB8ED4-647E-4DCC-9387-E50D6A03CA39}.Debug|Any CPU.Build.0 = Debug|Any CPU
		{2ADB8ED4-647E-4DCC-9387-E50D6A03CA39}.Debug|x86.ActiveCfg = Debug|Any CPU
		{2ADB8ED4-647E-4DCC-9387-E50D6A03CA39}.Release|Any CPU.ActiveCfg = Release|Any CPU
		{2ADB8ED4-647E-4DCC-9387-E50D6A03CA39}.Release|Any CPU.Build.0 = Release|Any CPU
		{2ADB8ED4-647E-4DCC-9387-E50D6A03CA39}.Release|x86.ActiveCfg = Release|Any CPU
		{84C43E97-CE18-4A33-99BF-98A19E5E2093}.Debug|Any CPU.ActiveCfg = Debug|Any CPU
		{84C43E97-CE18-4A33-99BF-98A19E5E2093}.Debug|Any CPU.Build.0 = Debug|Any CPU
		{84C43E97-CE18-4A33-99BF-98A19E5E2093}.Debug|x86.ActiveCfg = Debug|Any CPU
		{84C43E97-CE18-4A33-99BF-98A19E5E2093}.Release|Any CPU.ActiveCfg = Release|Any CPU
		{84C43E97-CE18-4A33-99BF-98A19E5E2093}.Release|Any CPU.Build.0 = Release|Any CPU
		{84C43E97-CE18-4A33-99BF-98A19E5E2093}.Release|x86.ActiveCfg = Release|Any CPU
		{55442AA5-FCF5-46B4-9172-C87C220B740B}.Debug|Any CPU.ActiveCfg = Debug|Any CPU
		{55442AA5-FCF5-46B4-9172-C87C220B740B}.Debug|Any CPU.Build.0 = Debug|Any CPU
		{55442AA5-FCF5-46B4-9172-C87C220B740B}.Debug|x86.ActiveCfg = Debug|Any CPU
		{55442AA5-FCF5-46B4-9172-C87C220B740B}.Release|Any CPU.ActiveCfg = Release|Any CPU
		{55442AA5-FCF5-46B4-9172-C87C220B740B}.Release|Any CPU.Build.0 = Release|Any CPU
		{55442AA5-FCF5-46B4-9172-C87C220B740B}.Release|x86.ActiveCfg = Release|Any CPU
		{224C71E2-5E52-4910-910A-6FA9C2F937BE}.Debug|Any CPU.ActiveCfg = Debug|Any CPU
		{224C71E2-5E52-4910-910A-6FA9C2F937BE}.Debug|Any CPU.Build.0 = Debug|Any CPU
		{224C71E2-5E52-4910-910A-6FA9C2F937BE}.Debug|x86.ActiveCfg = Debug|Any CPU
		{224C71E2-5E52-4910-910A-6FA9C2F937BE}.Debug|x86.Build.0 = Debug|Any CPU
		{224C71E2-5E52-4910-910A-6FA9C2F937BE}.Release|Any CPU.ActiveCfg = Release|Any CPU
		{224C71E2-5E52-4910-910A-6FA9C2F937BE}.Release|Any CPU.Build.0 = Release|Any CPU
		{224C71E2-5E52-4910-910A-6FA9C2F937BE}.Release|x86.ActiveCfg = Release|Any CPU
		{8FA48EF8-3E11-494A-B587-592D7C22EFDF}.Debug|Any CPU.ActiveCfg = Debug|Any CPU
		{8FA48EF8-3E11-494A-B587-592D7C22EFDF}.Debug|Any CPU.Build.0 = Debug|Any CPU
		{8FA48EF8-3E11-494A-B587-592D7C22EFDF}.Debug|x86.ActiveCfg = Debug|Any CPU
		{8FA48EF8-3E11-494A-B587-592D7C22EFDF}.Debug|x86.Build.0 = Debug|Any CPU
		{8FA48EF8-3E11-494A-B587-592D7C22EFDF}.Release|Any CPU.ActiveCfg = Release|Any CPU
		{8FA48EF8-3E11-494A-B587-592D7C22EFDF}.Release|Any CPU.Build.0 = Release|Any CPU
		{8FA48EF8-3E11-494A-B587-592D7C22EFDF}.Release|x86.ActiveCfg = Release|x86
		{8FA48EF8-3E11-494A-B587-592D7C22EFDF}.Release|x86.Build.0 = Release|x86
		{D0FE49CC-1B13-4C04-B3C1-C1A9B1872A36}.Debug|Any CPU.ActiveCfg = Debug|Any CPU
		{D0FE49CC-1B13-4C04-B3C1-C1A9B1872A36}.Debug|Any CPU.Build.0 = Debug|Any CPU
		{D0FE49CC-1B13-4C04-B3C1-C1A9B1872A36}.Debug|x86.ActiveCfg = Debug|Any CPU
		{D0FE49CC-1B13-4C04-B3C1-C1A9B1872A36}.Debug|x86.Build.0 = Debug|Any CPU
		{D0FE49CC-1B13-4C04-B3C1-C1A9B1872A36}.Release|Any CPU.ActiveCfg = Release|Any CPU
		{D0FE49CC-1B13-4C04-B3C1-C1A9B1872A36}.Release|Any CPU.Build.0 = Release|Any CPU
		{D0FE49CC-1B13-4C04-B3C1-C1A9B1872A36}.Release|x86.ActiveCfg = Release|x86
		{D0FE49CC-1B13-4C04-B3C1-C1A9B1872A36}.Release|x86.Build.0 = Release|x86
	EndGlobalSection
	GlobalSection(SolutionProperties) = preSolution
		HideSolutionNode = FALSE
	EndGlobalSection
	GlobalSection(ExtensibilityGlobals) = postSolution
		SolutionGuid = {6F54184A-B7A9-4B72-818F-F8DBCD31F956}
	EndGlobalSection
EndGlobal
